{
  "name": "soos-csa",
  "version": "1.0.3",
  "lockfileVersion": 3,
  "requires": true,
  "packages": {
    "": {
      "name": "soos-csa",
      "version": "1.0.3",
      "license": "MIT",
      "dependencies": {
        "@soos-io/api-client": "^0.2.4",
        "argparse": "^2.0.1",
        "tslib": "^2.6.2"
      },
      "devDependencies": {
        "@types/argparse": "^2.0.14",
        "@types/glob": "^8.1.0",
        "@types/node": "^20.9.4",
        "prettier": "^2.8.8",
        "typescript": "^5.3.2"
      }
    },
    "node_modules/@soos-io/api-client": {
      "version": "0.2.4",
      "resolved": "https://registry.npmjs.org/@soos-io/api-client/-/api-client-0.2.4.tgz",
      "integrity": "sha512-BevTfda1Cq38Y3OsSf5AnsogkVFKC283LEQE07BVGThuNqGrhh3VBLEV6xOK2zDMywA82sSP73ZOAxAuMyk8Qw==",
      "dependencies": {
        "axios": "^1.6.2",
        "tslib": "^2.6.2"
      }
    },
    "node_modules/@types/argparse": {
      "version": "2.0.14",
      "dev": true,
      "license": "MIT"
    },
    "node_modules/@types/glob": {
      "version": "8.1.0",
      "dev": true,
      "license": "MIT",
      "dependencies": {
        "@types/minimatch": "^5.1.2",
        "@types/node": "*"
      }
    },
    "node_modules/@types/minimatch": {
      "version": "5.1.2",
      "dev": true,
      "license": "MIT"
    },
    "node_modules/@types/node": {
      "version": "20.9.4",
      "resolved": "https://registry.npmjs.org/@types/node/-/node-20.9.4.tgz",
      "integrity": "sha512-wmyg8HUhcn6ACjsn8oKYjkN/zUzQeNtMy44weTJSM6p4MMzEOuKbA3OjJ267uPCOW7Xex9dyrNTful8XTQYoDA==",
      "dev": true,
      "dependencies": {
        "undici-types": "~5.26.4"
      }
    },
    "node_modules/argparse": {
      "version": "2.0.1",
      "license": "Python-2.0"
    },
    "node_modules/asynckit": {
      "version": "0.4.0",
      "license": "MIT"
    },
    "node_modules/axios": {
      "version": "1.6.2",
      "license": "MIT",
      "dependencies": {
        "follow-redirects": "^1.15.0",
        "form-data": "^4.0.0",
        "proxy-from-env": "^1.1.0"
      }
    },
    "node_modules/combined-stream": {
      "version": "1.0.8",
      "license": "MIT",
      "dependencies": {
        "delayed-stream": "~1.0.0"
      },
      "engines": {
        "node": ">= 0.8"
      }
    },
    "node_modules/delayed-stream": {
      "version": "1.0.0",
      "license": "MIT",
      "engines": {
        "node": ">=0.4.0"
      }
    },
    "node_modules/follow-redirects": {
      "version": "1.15.3",
      "funding": [
        {
          "type": "individual",
          "url": "https://github.com/sponsors/RubenVerborgh"
        }
      ],
      "license": "MIT",
      "engines": {
        "node": ">=4.0"
      },
      "peerDependenciesMeta": {
        "debug": {
          "optional": true
        }
      }
    },
    "node_modules/form-data": {
      "version": "4.0.0",
      "license": "MIT",
      "dependencies": {
        "asynckit": "^0.4.0",
        "combined-stream": "^1.0.8",
        "mime-types": "^2.1.12"
      },
      "engines": {
        "node": ">= 6"
      }
    },
    "node_modules/mime-db": {
      "version": "1.52.0",
      "license": "MIT",
      "engines": {
        "node": ">= 0.6"
      }
    },
    "node_modules/mime-types": {
      "version": "2.1.35",
      "license": "MIT",
      "dependencies": {
        "mime-db": "1.52.0"
      },
      "engines": {
        "node": ">= 0.6"
      }
    },
    "node_modules/prettier": {
      "version": "2.8.8",
      "dev": true,
      "license": "MIT",
      "bin": {
        "prettier": "bin-prettier.js"
      },
      "engines": {
        "node": ">=10.13.0"
      },
      "funding": {
        "url": "https://github.com/prettier/prettier?sponsor=1"
      }
    },
    "node_modules/proxy-from-env": {
      "version": "1.1.0",
      "license": "MIT"
    },
    "node_modules/tslib": {
      "version": "2.6.2",
      "license": "0BSD"
    },
    "node_modules/typescript": {
      "version": "5.3.2",
      "dev": true,
      "license": "Apache-2.0",
      "bin": {
        "tsc": "bin/tsc",
        "tsserver": "bin/tsserver"
      },
      "engines": {
        "node": ">=14.17"
      }
    },
    "node_modules/undici-types": {
      "version": "5.26.5",
      "dev": true,
      "license": "MIT"
    }
  }
}
